
Microsoft Visual Studio Solution File, Format Version 12.00
# Visual Studio Version 17
VisualStudioVersion = 17.2.32516.85
MinimumVisualStudioVersion = 10.0.40219.1
Project("{FAE04EC0-301F-11D3-BF4B-00C04F79EFBC}") = "Task1", "Task1\Task1.csproj", "{30769A9B-97AC-4F15-8B08-B96FA5A75AAD}"
EndProject
Project("{FAE04EC0-301F-11D3-BF4B-00C04F79EFBC}") = "Task2", "Task2\Task2.csproj", "{B710786E-1995-4062-B7DD-DA98E664E231}"
EndProject
Global
	GlobalSection(SolutionConfigurationPlatforms) = preSolution
		Debug|Any CPU = Debug|Any CPU
		Release|Any CPU = Release|Any CPU
	EndGlobalSection
	GlobalSection(ProjectConfigurationPlatforms) = postSolution
		{30769A9B-97AC-4F15-8B08-B96FA5A75AAD}.Debug|Any CPU.ActiveCfg = Debug|Any CPU
		{30769A9B-97AC-4F15-8B08-B96FA5A75AAD}.Debug|Any CPU.Build.0 = Debug|Any CPU
		{30769A9B-97AC-4F15-8B08-B96FA5A75AAD}.Release|Any CPU.ActiveCfg = Release|Any CPU
		{30769A9B-97AC-4F15-8B08-B96FA5A75AAD}.Release|Any CPU.Build.0 = Release|Any CPU
		{B710786E-1995-4062-B7DD-DA98E664E231}.Debug|Any CPU.ActiveCfg = Debug|Any CPU
		{B710786E-1995-4062-B7DD-DA98E664E231}.Debug|Any CPU.Build.0 = Debug|Any CPU
		{B710786E-1995-4062-B7DD-DA98E664E231}.Release|Any CPU.ActiveCfg = Release|Any CPU
		{B710786E-1995-4062-B7DD-DA98E664E231}.Release|Any CPU.Build.0 = Release|Any CPU
	EndGlobalSection
	GlobalSection(SolutionProperties) = preSolution
		HideSolutionNode = FALSE
	EndGlobalSection
	GlobalSection(ExtensibilityGlobals) = postSolution
		SolutionGuid = {D06044E3-BB70-43DA-8A83-D0929CE2C41F}
	EndGlobalSection
EndGlobal
